// !$*UTF8*$!
{
	archiveVersion = 1;
	classes = {
	};
	objectVersion = 50;
	objects = {

/* Begin PBXBuildFile section */
		704AA96623A3626C008A94CF /* NextViewController.swift in Sources */ = {isa = PBXBuildFile; fileRef = 704AA96523A3626C008A94CF /* NextViewController.swift */; };
		704B3F6923A346E100811D90 /* AppDelegate.swift in Sources */ = {isa = PBXBuildFile; fileRef = 704B3F6823A346E100811D90 /* AppDelegate.swift */; };
		704B3F6B23A346E100811D90 /* SceneDelegate.swift in Sources */ = {isa = PBXBuildFile; fileRef = 704B3F6A23A346E100811D90 /* SceneDelegate.swift */; };
		704B3F6D23A346E100811D90 /* ViewController.swift in Sources */ = {isa = PBXBuildFile; fileRef = 704B3F6C23A346E100811D90 /* ViewController.swift */; };
		704B3F7023A346E100811D90 /* Main.storyboard in Resources */ = {isa = PBXBuildFile; fileRef = 704B3F6E23A346E100811D90 /* Main.storyboard */; };
		704B3F7223A346E400811D90 /* Assets.xcassets in Resources */ = {isa = PBXBuildFile; fileRef = 704B3F7123A346E400811D90 /* Assets.xcassets */; };
		704B3F7523A346E400811D90 /* LaunchScreen.storyboard in Resources */ = {isa = PBXBuildFile; fileRef = 704B3F7323A346E400811D90 /* LaunchScreen.storyboard */; };
		704B3F8323A356A100811D90 /* SignUpData.swift in Sources */ = {isa = PBXBuildFile; fileRef = 704B3F8223A356A100811D90 /* SignUpData.swift */; };
		704B3F8523A3570000811D90 /* TextField.swift in Sources */ = {isa = PBXBuildFile; fileRef = 704B3F8423A3570000811D90 /* TextField.swift */; };
/* End PBXBuildFile section */

/* Begin PBXFileReference section */
		704AA96523A3626C008A94CF /* NextViewController.swift */ = {isa = PBXFileReference; lastKnownFileType = sourcecode.swift; path = NextViewController.swift; sourceTree = "<group>"; };
		704B3F6523A346E100811D90 /* login.app */ = {isa = PBXFileReference; explicitFileType = wrapper.application; includeInIndex = 0; path = login.app; sourceTree = BUILT_PRODUCTS_DIR; };
		704B3F6823A346E100811D90 /* AppDelegate.swift */ = {isa = PBXFileReference; lastKnownFileType = sourcecode.swift; path = AppDelegate.swift; sourceTree = "<group>"; };
		704B3F6A23A346E100811D90 /* SceneDelegate.swift */ = {isa = PBXFileReference; lastKnownFileType = sourcecode.swift; path = SceneDelegate.swift; sourceTree = "<group>"; };
		704B3F6C23A346E100811D90 /* ViewController.swift */ = {isa = PBXFileReference; lastKnownFileType = sourcecode.swift; path = ViewController.swift; sourceTree = "<group>"; };
		704B3F6F23A346E100811D90 /* Base */ = {isa = PBXFileReference; lastKnownFileType = file.storyboard; name = Base; path = Base.lproj/Main.storyboard; sourceTree = "<group>"; };
		704B3F7123A346E400811D90 /* Assets.xcassets */ = {isa = PBXFileReference; lastKnownFileType = folder.assetcatalog; path = Assets.xcassets; sourceTree = "<group>"; };
		704B3F7423A346E400811D90 /* Base */ = {isa = PBXFileReference; lastKnownFileType = file.storyboard; name = Base; path = Base.lproj/LaunchScreen.storyboard; sourceTree = "<group>"; };
		704B3F7623A346E400811D90 /* Info.plist */ = {isa = PBXFileReference; lastKnownFileType = text.plist.xml; path = Info.plist; sourceTree = "<group>"; };
		704B3F8223A356A100811D90 /* SignUpData.swift */ = {isa = PBXFileReference; lastKnownFileType = sourcecode.swift; path = SignUpData.swift; sourceTree = "<group>"; };
		704B3F8423A3570000811D90 /* TextField.swift */ = {isa = PBXFileReference; lastKnownFileType = sourcecode.swift; path = TextField.swift; sourceTree = "<group>"; };
/* End PBXFileReference section */

/* Begin PBXFrameworksBuildPhase section */
		704B3F6223A346E100811D90 /* Frameworks */ = {
			isa = PBXFrameworksBuildPhase;
			buildActionMask = 2147483647;
			files = (
			);
			runOnlyForDeploymentPostprocessing = 0;
		};
/* End PBXFrameworksBuildPhase section */

/* Begin PBXGroup section */
		704B3F5C23A346E100811D90 = {
			isa = PBXGroup;
			children = (
				704B3F8623A3594500811D90 /* login */,
				704B3F7E23A3556F00811D90 /* Model */,
				704B3F7D23A3556C00811D90 /* View */,
				704B3F6723A346E100811D90 /* Controller */,
				704B3F6623A346E100811D90 /* Products */,
			);
			sourceTree = "<group>";
		};
		704B3F6623A346E100811D90 /* Products */ = {
			isa = PBXGroup;
			children = (
				704B3F6523A346E100811D90 /* login.app */,
			);
			name = Products;
			sourceTree = "<group>";
		};
		704B3F6723A346E100811D90 /* Controller */ = {
			isa = PBXGroup;
			children = (
				704B3F6C23A346E100811D90 /* ViewController.swift */,
				704AA96523A3626C008A94CF /* NextViewController.swift */,
				704B3F6E23A346E100811D90 /* Main.storyboard */,
				704B3F7123A346E400811D90 /* Assets.xcassets */,
				704B3F7323A346E400811D90 /* LaunchScreen.storyboard */,
				704B3F7623A346E400811D90 /* Info.plist */,
			);
			path = Controller;
			sourceTree = "<group>";
		};
		704B3F7D23A3556C00811D90 /* View */ = {
			isa = PBXGroup;
			children = (
				704B3F8423A3570000811D90 /* TextField.swift */,
			);
			path = View;
			sourceTree = "<group>";
		};
		704B3F7E23A3556F00811D90 /* Model */ = {
			isa = PBXGroup;
			children = (
				704B3F8223A356A100811D90 /* SignUpData.swift */,
			);
			path = Model;
			sourceTree = "<group>";
		};
		704B3F8623A3594500811D90 /* login */ = {
			isa = PBXGroup;
			children = (
				704B3F6A23A346E100811D90 /* SceneDelegate.swift */,
				704B3F6823A346E100811D90 /* AppDelegate.swift */,
			);
			path = login;
			sourceTree = "<group>";
		};
/* End PBXGroup section */

/* Begin PBXNativeTarget section */
		704B3F6423A346E100811D90 /* login */ = {
			isa = PBXNativeTarget;
			buildConfigurationList = 704B3F7923A346E400811D90 /* Build configuration list for PBXNativeTarget "login" */;
			buildPhases = (
				704B3F6123A346E100811D90 /* Sources */,
				704B3F6223A346E100811D90 /* Frameworks */,
				704B3F6323A346E100811D90 /* Resources */,
			);
			buildRules = (
			);
			dependencies = (
			);
			name = login;
			productName = login;
			productReference = 704B3F6523A346E100811D90 /* login.app */;
			productType = "com.apple.product-type.application";
		};
/* End PBXNativeTarget section */

/* Begin PBXProject section */
		704B3F5D23A346E100811D90 /* Project object */ = {
			isa = PBXProject;
			attributes = {
				LastSwiftUpdateCheck = 1120;
				LastUpgradeCheck = 1120;
				ORGANIZATIONNAME = "정유경";
				TargetAttributes = {
					704B3F6423A346E100811D90 = {
						CreatedOnToolsVersion = 11.2.1;
					};
				};
			};
			buildConfigurationList = 704B3F6023A346E100811D90 /* Build configuration list for PBXProject "login" */;
			compatibilityVersion = "Xcode 9.3";
			developmentRegion = en;
			hasScannedForEncodings = 0;
			knownRegions = (
				en,
				Base,
			);
			mainGroup = 704B3F5C23A346E100811D90;
			productRefGroup = 704B3F6623A346E100811D90 /* Products */;
			projectDirPath = "";
			projectRoot = "";
			targets = (
				704B3F6423A346E100811D90 /* login */,
			);
		};
/* End PBXProject section */

/* Begin PBXResourcesBuildPhase section */
		704B3F6323A346E100811D90 /* Resources */ = {
			isa = PBXResourcesBuildPhase;
			buildActionMask = 2147483647;
			files = (
				704B3F7523A346E400811D90 /* LaunchScreen.storyboard in Resources */,
				704B3F7223A346E400811D90 /* Assets.xcassets in Resources */,
				704B3F7023A346E100811D90 /* Main.storyboard in Resources */,
			);
			runOnlyForDeploymentPostprocessing = 0;
		};
/* End PBXResourcesBuildPhase section */

/* Begin PBXSourcesBuildPhase section */
		704B3F6123A346E100811D90 /* Sources */ = {
			isa = PBXSourcesBuildPhase;
			buildActionMask = 2147483647;
			files = (
				704B3F6D23A346E100811D90 /* ViewController.swift in Sources */,
				704AA96623A3626C008A94CF /* NextViewController.swift in Sources */,
				704B3F6923A346E100811D90 /* AppDelegate.swift in Sources */,
				704B3F6B23A346E100811D90 /* SceneDelegate.swift in Sources */,
				704B3F8523A3570000811D90 /* TextField.swift in Sources */,
				704B3F8323A356A100811D90 /* SignUpData.swift in Sources */,
			);
			runOnlyForDeploymentPostprocessing = 0;
		};
/* End PBXSourcesBuildPhase section */

/* Begin PBXVariantGroup section */
		704B3F6E23A346E100811D90 /* Main.storyboard */ = {
			isa = PBXVariantGroup;
			children = (
				704B3F6F23A346E100811D90 /* Base */,
			);
			name = Main.storyboard;
			sourceTree = "<group>";
		};
		704B3F7323A346E400811D90 /* LaunchScreen.storyboard */ = {
			isa = PBXVariantGroup;
			children = (
				704B3F7423A346E400811D90 /* Base */,
			);
			name = LaunchScreen.storyboard;
			sourceTree = "<group>";
		};
/* End PBXVariantGroup section */

/* Begin XCBuildConfiguration section */
		704B3F7723A346E400811D90 /* Debug */ = {
			isa = XCBuildConfiguration;
			buildSettings = {
				ALWAYS_SEARCH_USER_PATHS = NO;
				CLANG_ANALYZER_NONNULL = YES;
				CLANG_ANALYZER_NUMBER_OBJECT_CONVERSION = YES_AGGRESSIVE;
				CLANG_CXX_LANGUAGE_STANDARD = "gnu++14";
				CLANG_CXX_LIBRARY = "libc++";
				CLANG_ENABLE_MODULES = YES;
				CLANG_ENABLE_OBJC_ARC = YES;
				CLANG_ENABLE_OBJC_WEAK = YES;
				CLANG_WARN_BLOCK_CAPTURE_AUTORELEASING = YES;
				CLANG_WARN_BOOL_CONVERSION = YES;
				CLANG_WARN_COMMA = YES;
				CLANG_WARN_CONSTANT_CONVERSION = YES;
				CLANG_WARN_DEPRECATED_OBJC_IMPLEMENTATIONS = YES;
				CLANG_WARN_DIRECT_OBJC_ISA_USAGE = YES_ERROR;
				CLANG_WARN_DOCUMENTATION_COMMENTS = YES;
				CLANG_WARN_EMPTY_BODY = YES;
				CLANG_WARN_ENUM_CONVERSION = YES;
				CLANG_WARN_INFINITE_RECURSION = YES;
				CLANG_WARN_INT_CONVERSION = YES;
				CLANG_WARN_NON_LITERAL_NULL_CONVERSION = YES;
				CLANG_WARN_OBJC_IMPLICIT_RETAIN_SELF = YES;
				CLANG_WARN_OBJC_LITERAL_CONVERSION = YES;
				CLANG_WARN_OBJC_ROOT_CLASS = YES_ERROR;
				CLANG_WARN_RANGE_LOOP_ANALYSIS = YES;
				CLANG_WARN_STRICT_PROTOTYPES = YES;
				CLANG_WARN_SUSPICIOUS_MOVE = YES;
				CLANG_WARN_UNGUARDED_AVAILABILITY = YES_AGGRESSIVE;
				CLANG_WARN_UNREACHABLE_CODE = YES;
				CLANG_WARN__DUPLICATE_METHOD_MATCH = YES;
				COPY_PHASE_STRIP = NO;
				DEBUG_INFORMATION_FORMAT = dwarf;
				ENABLE_STRICT_OBJC_MSGSEND = YES;
				ENABLE_TESTABILITY = YES;
				GCC_C_LANGUAGE_STANDARD = gnu11;
				GCC_DYNAMIC_NO_PIC = NO;
				GCC_NO_COMMON_BLOCKS = YES;
				GCC_OPTIMIZATION_LEVEL = 0;
				GCC_PREPROCESSOR_DEFINITIONS = (
					"DEBUG=1",
					"$(inherited)",
				);
				GCC_WARN_64_TO_32_BIT_CONVERSION = YES;
				GCC_WARN_ABOUT_RETURN_TYPE = YES_ERROR;
				GCC_WARN_UNDECLARED_SELECTOR = YES;
				GCC_WARN_UNINITIALIZED_AUTOS = YES_AGGRESSIVE;
				GCC_WARN_UNUSED_FUNCTION = YES;
				GCC_WARN_UNUSED_VARIABLE = YES;
				IPHONEOS_DEPLOYMENT_TARGET = 13.2;
				MTL_ENABLE_DEBUG_INFO = INCLUDE_SOURCE;
				MTL_FAST_MATH = YES;
				ONLY_ACTIVE_ARCH = YES;
				SDKROOT = iphoneos;
				SWIFT_ACTIVE_COMPILATION_CONDITIONS = DEBUG;
				SWIFT_OPTIMIZATION_LEVEL = "-Onone";
			};
			name = Debug;
		};
		704B3F7823A346E400811D90 /* Release */ = {
			isa = XCBuildConfiguration;
			buildSettings = {
				ALWAYS_SEARCH_USER_PATHS = NO;
				CLANG_ANALYZER_NONNULL = YES;
				CLANG_ANALYZER_NUMBER_OBJECT_CONVERSION = YES_AGGRESSIVE;
				CLANG_CXX_LANGUAGE_STANDARD = "gnu++14";
				CLANG_CXX_LIBRARY = "libc++";
				CLANG_ENABLE_MODULES = YES;
				CLANG_ENABLE_OBJC_ARC = YES;
				CLANG_ENABLE_OBJC_WEAK = YES;
				CLANG_WARN_BLOCK_CAPTURE_AUTORELEASING = YES;
				CLANG_WARN_BOOL_CONVERSION = YES;
				CLANG_WARN_COMMA = YES;
				CLANG_WARN_CONSTANT_CONVERSION = YES;
				CLANG_WARN_DEPRECATED_OBJC_IMPLEMENTATIONS = YES;
				CLANG_WARN_DIRECT_OBJC_ISA_USAGE = YES_ERROR;
				CLANG_WARN_DOCUMENTATION_COMMENTS = YES;
				CLANG_WARN_EMPTY_BODY = YES;
				CLANG_WARN_ENUM_CONVERSION = YES;
				CLANG_WARN_INFINITE_RECURSION = YES;
				CLANG_WARN_INT_CONVERSION = YES;
				CLANG_WARN_NON_LITERAL_NULL_CONVERSION = YES;
				CLANG_WARN_OBJC_IMPLICIT_RETAIN_SELF = YES;
				CLANG_WARN_OBJC_LITERAL_CONVERSION = YES;
				CLANG_WARN_OBJC_ROOT_CLASS = YES_ERROR;
				CLANG_WARN_RANGE_LOOP_ANALYSIS = YES;
				CLANG_WARN_STRICT_PROTOTYPES = YES;
				CLANG_WARN_SUSPICIOUS_MOVE = YES;
				CLANG_WARN_UNGUARDED_AVAILABILITY = YES_AGGRESSIVE;
				CLANG_WARN_UNREACHABLE_CODE = YES;
				CLANG_WARN__DUPLICATE_METHOD_MATCH = YES;
				COPY_PHASE_STRIP = NO;
				DEBUG_INFORMATION_FORMAT = "dwarf-with-dsym";
				ENABLE_NS_ASSERTIONS = NO;
				ENABLE_STRICT_OBJC_MSGSEND = YES;
				GCC_C_LANGUAGE_STANDARD = gnu11;
				GCC_NO_COMMON_BLOCKS = YES;
				GCC_WARN_64_TO_32_BIT_CONVERSION = YES;
				GCC_WARN_ABOUT_RETURN_TYPE = YES_ERROR;
				GCC_WARN_UNDECLARED_SELECTOR = YES;
				GCC_WARN_UNINITIALIZED_AUTOS = YES_AGGRESSIVE;
				GCC_WARN_UNUSED_FUNCTION = YES;
				GCC_WARN_UNUSED_VARIABLE = YES;
				IPHONEOS_DEPLOYMENT_TARGET = 13.2;
				MTL_ENABLE_DEBUG_INFO = NO;
				MTL_FAST_MATH = YES;
				SDKROOT = iphoneos;
				SWIFT_COMPILATION_MODE = wholemodule;
				SWIFT_OPTIMIZATION_LEVEL = "-O";
				VALIDATE_PRODUCT = YES;
			};
			name = Release;
		};
		704B3F7A23A346E400811D90 /* Debug */ = {
			isa = XCBuildConfiguration;
			buildSettings = {
				ASSETCATALOG_COMPILER_APPICON_NAME = AppIcon;
				CODE_SIGN_STYLE = Automatic;
				INFOPLIST_FILE = login/Info.plist;
				LD_RUNPATH_SEARCH_PATHS = (
					"$(inherited)",
					"@executable_path/Frameworks",
				);
				PRODUCT_BUNDLE_IDENTIFIER = com.jeongyukyung.login;
				PRODUCT_NAME = "$(TARGET_NAME)";
				SWIFT_VERSION = 5.0;
				TARGETED_DEVICE_FAMILY = "1,2";
			};
			name = Debug;
		};
		704B3F7B23A346E400811D90 /* Release */ = {
			isa = XCBuildConfiguration;
			buildSettings = {
				ASSETCATALOG_COMPILER_APPICON_NAME = AppIcon;
				CODE_SIGN_STYLE = Automatic;
				INFOPLIST_FILE = login/Info.plist;
				LD_RUNPATH_SEARCH_PATHS = (
					"$(inherited)",
					"@executable_path/Frameworks",
				);
				PRODUCT_BUNDLE_IDENTIFIER = com.jeongyukyung.login;
				PRODUCT_NAME = "$(TARGET_NAME)";
				SWIFT_VERSION = 5.0;
				TARGETED_DEVICE_FAMILY = "1,2";
			};
			name = Release;
		};
/* End XCBuildConfiguration section */

/* Begin XCConfigurationList section */
		704B3F6023A346E100811D90 /* Build configuration list for PBXProject "login" */ = {
			isa = XCConfigurationList;
			buildConfigurations = (
				704B3F7723A346E400811D90 /* Debug */,
				704B3F7823A346E400811D90 /* Release */,
			);
			defaultConfigurationIsVisible = 0;
			defaultConfigurationName = Release;
		};
		704B3F7923A346E400811D90 /* Build configuration list for PBXNativeTarget "login" */ = {
			isa = XCConfigurationList;
			buildConfigurations = (
				704B3F7A23A346E400811D90 /* Debug */,
				704B3F7B23A346E400811D90 /* Release */,
			);
			defaultConfigurationIsVisible = 0;
			defaultConfigurationName = Release;
		};
/* End XCConfigurationList section */
	};
	rootObject = 704B3F5D23A346E100811D90 /* Project object */;
}
