// !$*UTF8*$!
{
	archiveVersion = 1;
	classes = {
	};
	objectVersion = 50;
	objects = {

/* Begin PBXBuildFile section */
		7085E90D239F6F9C0091EE4E /* AppDelegate.swift in Sources */ = {isa = PBXBuildFile; fileRef = 7085E90C239F6F9C0091EE4E /* AppDelegate.swift */; };
		7085E90F239F6F9C0091EE4E /* SceneDelegate.swift in Sources */ = {isa = PBXBuildFile; fileRef = 7085E90E239F6F9C0091EE4E /* SceneDelegate.swift */; };
		7085E911239F6F9C0091EE4E /* ViewController.swift in Sources */ = {isa = PBXBuildFile; fileRef = 7085E910239F6F9C0091EE4E /* ViewController.swift */; };
		7085E914239F6F9C0091EE4E /* Main.storyboard in Resources */ = {isa = PBXBuildFile; fileRef = 7085E912239F6F9C0091EE4E /* Main.storyboard */; };
		7085E916239F6F9E0091EE4E /* Assets.xcassets in Resources */ = {isa = PBXBuildFile; fileRef = 7085E915239F6F9E0091EE4E /* Assets.xcassets */; };
		7085E919239F6F9E0091EE4E /* LaunchScreen.storyboard in Resources */ = {isa = PBXBuildFile; fileRef = 7085E917239F6F9E0091EE4E /* LaunchScreen.storyboard */; };
/* End PBXBuildFile section */

/* Begin PBXFileReference section */
		7085E909239F6F9C0091EE4E /* TextfieldDelegate.app */ = {isa = PBXFileReference; explicitFileType = wrapper.application; includeInIndex = 0; path = TextfieldDelegate.app; sourceTree = BUILT_PRODUCTS_DIR; };
		7085E90C239F6F9C0091EE4E /* AppDelegate.swift */ = {isa = PBXFileReference; lastKnownFileType = sourcecode.swift; path = AppDelegate.swift; sourceTree = "<group>"; };
		7085E90E239F6F9C0091EE4E /* SceneDelegate.swift */ = {isa = PBXFileReference; lastKnownFileType = sourcecode.swift; path = SceneDelegate.swift; sourceTree = "<group>"; };
		7085E910239F6F9C0091EE4E /* ViewController.swift */ = {isa = PBXFileReference; lastKnownFileType = sourcecode.swift; path = ViewController.swift; sourceTree = "<group>"; };
		7085E913239F6F9C0091EE4E /* Base */ = {isa = PBXFileReference; lastKnownFileType = file.storyboard; name = Base; path = Base.lproj/Main.storyboard; sourceTree = "<group>"; };
		7085E915239F6F9E0091EE4E /* Assets.xcassets */ = {isa = PBXFileReference; lastKnownFileType = folder.assetcatalog; path = Assets.xcassets; sourceTree = "<group>"; };
		7085E918239F6F9E0091EE4E /* Base */ = {isa = PBXFileReference; lastKnownFileType = file.storyboard; name = Base; path = Base.lproj/LaunchScreen.storyboard; sourceTree = "<group>"; };
		7085E91A239F6F9E0091EE4E /* Info.plist */ = {isa = PBXFileReference; lastKnownFileType = text.plist.xml; path = Info.plist; sourceTree = "<group>"; };
/* End PBXFileReference section */

/* Begin PBXFrameworksBuildPhase section */
		7085E906239F6F9C0091EE4E /* Frameworks */ = {
			isa = PBXFrameworksBuildPhase;
			buildActionMask = 2147483647;
			files = (
			);
			runOnlyForDeploymentPostprocessing = 0;
		};
/* End PBXFrameworksBuildPhase section */

/* Begin PBXGroup section */
		7085E900239F6F9C0091EE4E = {
			isa = PBXGroup;
			children = (
				7085E90B239F6F9C0091EE4E /* TextfieldDelegate */,
				7085E90A239F6F9C0091EE4E /* Products */,
			);
			sourceTree = "<group>";
		};
		7085E90A239F6F9C0091EE4E /* Products */ = {
			isa = PBXGroup;
			children = (
				7085E909239F6F9C0091EE4E /* TextfieldDelegate.app */,
			);
			name = Products;
			sourceTree = "<group>";
		};
		7085E90B239F6F9C0091EE4E /* TextfieldDelegate */ = {
			isa = PBXGroup;
			children = (
				7085E90C239F6F9C0091EE4E /* AppDelegate.swift */,
				7085E90E239F6F9C0091EE4E /* SceneDelegate.swift */,
				7085E910239F6F9C0091EE4E /* ViewController.swift */,
				7085E912239F6F9C0091EE4E /* Main.storyboard */,
				7085E915239F6F9E0091EE4E /* Assets.xcassets */,
				7085E917239F6F9E0091EE4E /* LaunchScreen.storyboard */,
				7085E91A239F6F9E0091EE4E /* Info.plist */,
			);
			path = TextfieldDelegate;
			sourceTree = "<group>";
		};
/* End PBXGroup section */

/* Begin PBXNativeTarget section */
		7085E908239F6F9C0091EE4E /* TextfieldDelegate */ = {
			isa = PBXNativeTarget;
			buildConfigurationList = 7085E91D239F6F9E0091EE4E /* Build configuration list for PBXNativeTarget "TextfieldDelegate" */;
			buildPhases = (
				7085E905239F6F9C0091EE4E /* Sources */,
				7085E906239F6F9C0091EE4E /* Frameworks */,
				7085E907239F6F9C0091EE4E /* Resources */,
			);
			buildRules = (
			);
			dependencies = (
			);
			name = TextfieldDelegate;
			productName = TextfieldDelegate;
			productReference = 7085E909239F6F9C0091EE4E /* TextfieldDelegate.app */;
			productType = "com.apple.product-type.application";
		};
/* End PBXNativeTarget section */

/* Begin PBXProject section */
		7085E901239F6F9C0091EE4E /* Project object */ = {
			isa = PBXProject;
			attributes = {
				LastSwiftUpdateCheck = 1120;
				LastUpgradeCheck = 1120;
				ORGANIZATIONNAME = "정유경";
				TargetAttributes = {
					7085E908239F6F9C0091EE4E = {
						CreatedOnToolsVersion = 11.2.1;
					};
				};
			};
			buildConfigurationList = 7085E904239F6F9C0091EE4E /* Build configuration list for PBXProject "TextfieldDelegate" */;
			compatibilityVersion = "Xcode 9.3";
			developmentRegion = en;
			hasScannedForEncodings = 0;
			knownRegions = (
				en,
				Base,
			);
			mainGroup = 7085E900239F6F9C0091EE4E;
			productRefGroup = 7085E90A239F6F9C0091EE4E /* Products */;
			projectDirPath = "";
			projectRoot = "";
			targets = (
				7085E908239F6F9C0091EE4E /* TextfieldDelegate */,
			);
		};
/* End PBXProject section */

/* Begin PBXResourcesBuildPhase section */
		7085E907239F6F9C0091EE4E /* Resources */ = {
			isa = PBXResourcesBuildPhase;
			buildActionMask = 2147483647;
			files = (
				7085E919239F6F9E0091EE4E /* LaunchScreen.storyboard in Resources */,
				7085E916239F6F9E0091EE4E /* Assets.xcassets in Resources */,
				7085E914239F6F9C0091EE4E /* Main.storyboard in Resources */,
			);
			runOnlyForDeploymentPostprocessing = 0;
		};
/* End PBXResourcesBuildPhase section */

/* Begin PBXSourcesBuildPhase section */
		7085E905239F6F9C0091EE4E /* Sources */ = {
			isa = PBXSourcesBuildPhase;
			buildActionMask = 2147483647;
			files = (
				7085E911239F6F9C0091EE4E /* ViewController.swift in Sources */,
				7085E90D239F6F9C0091EE4E /* AppDelegate.swift in Sources */,
				7085E90F239F6F9C0091EE4E /* SceneDelegate.swift in Sources */,
			);
			runOnlyForDeploymentPostprocessing = 0;
		};
/* End PBXSourcesBuildPhase section */

/* Begin PBXVariantGroup section */
		7085E912239F6F9C0091EE4E /* Main.storyboard */ = {
			isa = PBXVariantGroup;
			children = (
				7085E913239F6F9C0091EE4E /* Base */,
			);
			name = Main.storyboard;
			sourceTree = "<group>";
		};
		7085E917239F6F9E0091EE4E /* LaunchScreen.storyboard */ = {
			isa = PBXVariantGroup;
			children = (
				7085E918239F6F9E0091EE4E /* Base */,
			);
			name = LaunchScreen.storyboard;
			sourceTree = "<group>";
		};
/* End PBXVariantGroup section */

/* Begin XCBuildConfiguration section */
		7085E91B239F6F9E0091EE4E /* Debug */ = {
			isa = XCBuildConfiguration;
			buildSettings = {
				ALWAYS_SEARCH_USER_PATHS = NO;
				CLANG_ANALYZER_NONNULL = YES;
				CLANG_ANALYZER_NUMBER_OBJECT_CONVERSION = YES_AGGRESSIVE;
				CLANG_CXX_LANGUAGE_STANDARD = "gnu++14";
				CLANG_CXX_LIBRARY = "libc++";
				CLANG_ENABLE_MODULES = YES;
				CLANG_ENABLE_OBJC_ARC = YES;
				CLANG_ENABLE_OBJC_WEAK = YES;
				CLANG_WARN_BLOCK_CAPTURE_AUTORELEASING = YES;
				CLANG_WARN_BOOL_CONVERSION = YES;
				CLANG_WARN_COMMA = YES;
				CLANG_WARN_CONSTANT_CONVERSION = YES;
				CLANG_WARN_DEPRECATED_OBJC_IMPLEMENTATIONS = YES;
				CLANG_WARN_DIRECT_OBJC_ISA_USAGE = YES_ERROR;
				CLANG_WARN_DOCUMENTATION_COMMENTS = YES;
				CLANG_WARN_EMPTY_BODY = YES;
				CLANG_WARN_ENUM_CONVERSION = YES;
				CLANG_WARN_INFINITE_RECURSION = YES;
				CLANG_WARN_INT_CONVERSION = YES;
				CLANG_WARN_NON_LITERAL_NULL_CONVERSION = YES;
				CLANG_WARN_OBJC_IMPLICIT_RETAIN_SELF = YES;
				CLANG_WARN_OBJC_LITERAL_CONVERSION = YES;
				CLANG_WARN_OBJC_ROOT_CLASS = YES_ERROR;
				CLANG_WARN_RANGE_LOOP_ANALYSIS = YES;
				CLANG_WARN_STRICT_PROTOTYPES = YES;
				CLANG_WARN_SUSPICIOUS_MOVE = YES;
				CLANG_WARN_UNGUARDED_AVAILABILITY = YES_AGGRESSIVE;
				CLANG_WARN_UNREACHABLE_CODE = YES;
				CLANG_WARN__DUPLICATE_METHOD_MATCH = YES;
				COPY_PHASE_STRIP = NO;
				DEBUG_INFORMATION_FORMAT = dwarf;
				ENABLE_STRICT_OBJC_MSGSEND = YES;
				ENABLE_TESTABILITY = YES;
				GCC_C_LANGUAGE_STANDARD = gnu11;
				GCC_DYNAMIC_NO_PIC = NO;
				GCC_NO_COMMON_BLOCKS = YES;
				GCC_OPTIMIZATION_LEVEL = 0;
				GCC_PREPROCESSOR_DEFINITIONS = (
					"DEBUG=1",
					"$(inherited)",
				);
				GCC_WARN_64_TO_32_BIT_CONVERSION = YES;
				GCC_WARN_ABOUT_RETURN_TYPE = YES_ERROR;
				GCC_WARN_UNDECLARED_SELECTOR = YES;
				GCC_WARN_UNINITIALIZED_AUTOS = YES_AGGRESSIVE;
				GCC_WARN_UNUSED_FUNCTION = YES;
				GCC_WARN_UNUSED_VARIABLE = YES;
				IPHONEOS_DEPLOYMENT_TARGET = 13.2;
				MTL_ENABLE_DEBUG_INFO = INCLUDE_SOURCE;
				MTL_FAST_MATH = YES;
				ONLY_ACTIVE_ARCH = YES;
				SDKROOT = iphoneos;
				SWIFT_ACTIVE_COMPILATION_CONDITIONS = DEBUG;
				SWIFT_OPTIMIZATION_LEVEL = "-Onone";
			};
			name = Debug;
		};
		7085E91C239F6F9E0091EE4E /* Release */ = {
			isa = XCBuildConfiguration;
			buildSettings = {
				ALWAYS_SEARCH_USER_PATHS = NO;
				CLANG_ANALYZER_NONNULL = YES;
				CLANG_ANALYZER_NUMBER_OBJECT_CONVERSION = YES_AGGRESSIVE;
				CLANG_CXX_LANGUAGE_STANDARD = "gnu++14";
				CLANG_CXX_LIBRARY = "libc++";
				CLANG_ENABLE_MODULES = YES;
				CLANG_ENABLE_OBJC_ARC = YES;
				CLANG_ENABLE_OBJC_WEAK = YES;
				CLANG_WARN_BLOCK_CAPTURE_AUTORELEASING = YES;
				CLANG_WARN_BOOL_CONVERSION = YES;
				CLANG_WARN_COMMA = YES;
				CLANG_WARN_CONSTANT_CONVERSION = YES;
				CLANG_WARN_DEPRECATED_OBJC_IMPLEMENTATIONS = YES;
				CLANG_WARN_DIRECT_OBJC_ISA_USAGE = YES_ERROR;
				CLANG_WARN_DOCUMENTATION_COMMENTS = YES;
				CLANG_WARN_EMPTY_BODY = YES;
				CLANG_WARN_ENUM_CONVERSION = YES;
				CLANG_WARN_INFINITE_RECURSION = YES;
				CLANG_WARN_INT_CONVERSION = YES;
				CLANG_WARN_NON_LITERAL_NULL_CONVERSION = YES;
				CLANG_WARN_OBJC_IMPLICIT_RETAIN_SELF = YES;
				CLANG_WARN_OBJC_LITERAL_CONVERSION = YES;
				CLANG_WARN_OBJC_ROOT_CLASS = YES_ERROR;
				CLANG_WARN_RANGE_LOOP_ANALYSIS = YES;
				CLANG_WARN_STRICT_PROTOTYPES = YES;
				CLANG_WARN_SUSPICIOUS_MOVE = YES;
				CLANG_WARN_UNGUARDED_AVAILABILITY = YES_AGGRESSIVE;
				CLANG_WARN_UNREACHABLE_CODE = YES;
				CLANG_WARN__DUPLICATE_METHOD_MATCH = YES;
				COPY_PHASE_STRIP = NO;
				DEBUG_INFORMATION_FORMAT = "dwarf-with-dsym";
				ENABLE_NS_ASSERTIONS = NO;
				ENABLE_STRICT_OBJC_MSGSEND = YES;
				GCC_C_LANGUAGE_STANDARD = gnu11;
				GCC_NO_COMMON_BLOCKS = YES;
				GCC_WARN_64_TO_32_BIT_CONVERSION = YES;
				GCC_WARN_ABOUT_RETURN_TYPE = YES_ERROR;
				GCC_WARN_UNDECLARED_SELECTOR = YES;
				GCC_WARN_UNINITIALIZED_AUTOS = YES_AGGRESSIVE;
				GCC_WARN_UNUSED_FUNCTION = YES;
				GCC_WARN_UNUSED_VARIABLE = YES;
				IPHONEOS_DEPLOYMENT_TARGET = 13.2;
				MTL_ENABLE_DEBUG_INFO = NO;
				MTL_FAST_MATH = YES;
				SDKROOT = iphoneos;
				SWIFT_COMPILATION_MODE = wholemodule;
				SWIFT_OPTIMIZATION_LEVEL = "-O";
				VALIDATE_PRODUCT = YES;
			};
			name = Release;
		};
		7085E91E239F6F9E0091EE4E /* Debug */ = {
			isa = XCBuildConfiguration;
			buildSettings = {
				ASSETCATALOG_COMPILER_APPICON_NAME = AppIcon;
				CODE_SIGN_STYLE = Automatic;
				INFOPLIST_FILE = TextfieldDelegate/Info.plist;
				LD_RUNPATH_SEARCH_PATHS = (
					"$(inherited)",
					"@executable_path/Frameworks",
				);
				PRODUCT_BUNDLE_IDENTIFIER = com.jeongyukyung.TextfieldDelegate;
				PRODUCT_NAME = "$(TARGET_NAME)";
				SWIFT_VERSION = 5.0;
				TARGETED_DEVICE_FAMILY = "1,2";
			};
			name = Debug;
		};
		7085E91F239F6F9E0091EE4E /* Release */ = {
			isa = XCBuildConfiguration;
			buildSettings = {
				ASSETCATALOG_COMPILER_APPICON_NAME = AppIcon;
				CODE_SIGN_STYLE = Automatic;
				INFOPLIST_FILE = TextfieldDelegate/Info.plist;
				LD_RUNPATH_SEARCH_PATHS = (
					"$(inherited)",
					"@executable_path/Frameworks",
				);
				PRODUCT_BUNDLE_IDENTIFIER = com.jeongyukyung.TextfieldDelegate;
				PRODUCT_NAME = "$(TARGET_NAME)";
				SWIFT_VERSION = 5.0;
				TARGETED_DEVICE_FAMILY = "1,2";
			};
			name = Release;
		};
/* End XCBuildConfiguration section */

/* Begin XCConfigurationList section */
		7085E904239F6F9C0091EE4E /* Build configuration list for PBXProject "TextfieldDelegate" */ = {
			isa = XCConfigurationList;
			buildConfigurations = (
				7085E91B239F6F9E0091EE4E /* Debug */,
				7085E91C239F6F9E0091EE4E /* Release */,
			);
			defaultConfigurationIsVisible = 0;
			defaultConfigurationName = Release;
		};
		7085E91D239F6F9E0091EE4E /* Build configuration list for PBXNativeTarget "TextfieldDelegate" */ = {
			isa = XCConfigurationList;
			buildConfigurations = (
				7085E91E239F6F9E0091EE4E /* Debug */,
				7085E91F239F6F9E0091EE4E /* Release */,
			);
			defaultConfigurationIsVisible = 0;
			defaultConfigurationName = Release;
		};
/* End XCConfigurationList section */
	};
	rootObject = 7085E901239F6F9C0091EE4E /* Project object */;
}
